
Microsoft Visual Studio Solution File, Format Version 12.00
# Visual Studio Version 17
VisualStudioVersion = 17.1.32210.238
MinimumVisualStudioVersion = 10.0.40219.1
Project("{FAE04EC0-301F-11D3-BF4B-00C04F79EFBC}") = "TestJanusGraph.ConsoleApp", "TestJanusGraph.ConsoleApp\TestJanusGraph.ConsoleApp.csproj", "{E01B3835-D79A-4766-B883-A70B35862E6B}"
EndProject
Project("{FAE04EC0-301F-11D3-BF4B-00C04F79EFBC}") = "TestJanusGraph.WebAPI", "TestJanusGraph.WebAPI\TestJanusGraph.WebAPI.csproj", "{70C722E0-8A03-4ABB-9195-CEAB77892796}"
EndProject
Global
	GlobalSection(SolutionConfigurationPlatforms) = preSolution
		Debug|Any CPU = Debug|Any CPU
		Release|Any CPU = Release|Any CPU
	EndGlobalSection
	GlobalSection(ProjectConfigurationPlatforms) = postSolution
		{E01B3835-D79A-4766-B883-A70B35862E6B}.Debug|Any CPU.ActiveCfg = Debug|Any CPU
		{E01B3835-D79A-4766-B883-A70B35862E6B}.Debug|Any CPU.Build.0 = Debug|Any CPU
		{E01B3835-D79A-4766-B883-A70B35862E6B}.Release|Any CPU.ActiveCfg = Release|Any CPU
		{E01B3835-D79A-4766-B883-A70B35862E6B}.Release|Any CPU.Build.0 = Release|Any CPU
		{70C722E0-8A03-4ABB-9195-CEAB77892796}.Debug|Any CPU.ActiveCfg = Debug|Any CPU
		{70C722E0-8A03-4ABB-9195-CEAB77892796}.Debug|Any CPU.Build.0 = Debug|Any CPU
		{70C722E0-8A03-4ABB-9195-CEAB77892796}.Release|Any CPU.ActiveCfg = Release|Any CPU
		{70C722E0-8A03-4ABB-9195-CEAB77892796}.Release|Any CPU.Build.0 = Release|Any CPU
	EndGlobalSection
	GlobalSection(SolutionProperties) = preSolution
		HideSolutionNode = FALSE
	EndGlobalSection
	GlobalSection(ExtensibilityGlobals) = postSolution
		SolutionGuid = {AA0C371C-BD43-4BCA-B9BF-0B3B8E057E74}
	EndGlobalSection
EndGlobal
